
Microsoft Visual Studio Solution File, Format Version 12.00
# Visual Studio Version 17
VisualStudioVersion = 17.0.31912.275
MinimumVisualStudioVersion = 10.0.40219.1
Project("{2150E333-8FDC-42A3-9474-1A3956D46DE8}") = "src", "src", "{B8E8A21C-0B9E-4C4F-A827-CB42D7B7F99D}"
EndProject
Project("{2150E333-8FDC-42A3-9474-1A3956D46DE8}") = "Core", "Core", "{22A8DA46-96D2-4E72-BAEA-91D6380AF1BA}"
EndProject
Project("{2150E333-8FDC-42A3-9474-1A3956D46DE8}") = "Service", "Service", "{57216132-53D9-42BF-B417-97831C088B62}"
EndProject
Project("{2150E333-8FDC-42A3-9474-1A3956D46DE8}") = "Web", "Web", "{F79E0F7A-DA02-4427-B7BB-3E770B2DEF7A}"
EndProject
Project("{2150E333-8FDC-42A3-9474-1A3956D46DE8}") = "Test", "Test", "{4877E41D-2647-4A08-ABFA-B87A97040C1D}"
EndProject
Project("{9A19103F-16F7-4668-BE54-9A1E7A4F7556}") = "RomanNumberParser.API", "src\Service\RomanNumberParser.API\RomanNumberParser.API.csproj", "{605DD2C0-507C-4168-8A70-5141CFD2C08F}"
EndProject
Project("{9A19103F-16F7-4668-BE54-9A1E7A4F7556}") = "RomanParser.Core", "src\Core\RomanParser.Core\RomanParser.Core.csproj", "{9886DA9F-9683-449A-BB1E-D589FD1A8B67}"
EndProject
Project("{9A19103F-16F7-4668-BE54-9A1E7A4F7556}") = "RomanParser.Core.Contract", "src\Core\RomanParser.Core.Contract\RomanParser.Core.Contract.csproj", "{DD6DCD78-0EDC-47CB-A94B-AE6D0652A594}"
EndProject
Project("{9A19103F-16F7-4668-BE54-9A1E7A4F7556}") = "RomanNumberParser.Core.Test", "src\Test\RomanNumber.Parser.Core.Test\RomanNumberParser.Core.Test.csproj", "{93CBF348-A8AB-41F1-B608-D07A966AA454}"
EndProject
Project("{9A19103F-16F7-4668-BE54-9A1E7A4F7556}") = "RomanNumberParser.WebMVC", "src\Web\RomanNumberParser.WebMVC\RomanNumberParser.WebMVC.csproj", "{E62AB6DB-B7DD-4CA9-8597-FB8F4B1B34DE}"
EndProject

Global
	GlobalSection(SolutionConfigurationPlatforms) = preSolution
		Debug|Any CPU = Debug|Any CPU
		Release|Any CPU = Release|Any CPU
	EndGlobalSection
	GlobalSection(ProjectConfigurationPlatforms) = postSolution
		{605DD2C0-507C-4168-8A70-5141CFD2C08F}.Debug|Any CPU.ActiveCfg = Debug|Any CPU
		{605DD2C0-507C-4168-8A70-5141CFD2C08F}.Debug|Any CPU.Build.0 = Debug|Any CPU
		{605DD2C0-507C-4168-8A70-5141CFD2C08F}.Release|Any CPU.ActiveCfg = Release|Any CPU
		{605DD2C0-507C-4168-8A70-5141CFD2C08F}.Release|Any CPU.Build.0 = Release|Any CPU
		{9886DA9F-9683-449A-BB1E-D589FD1A8B67}.Debug|Any CPU.ActiveCfg = Debug|Any CPU
		{9886DA9F-9683-449A-BB1E-D589FD1A8B67}.Debug|Any CPU.Build.0 = Debug|Any CPU
		{9886DA9F-9683-449A-BB1E-D589FD1A8B67}.Release|Any CPU.ActiveCfg = Release|Any CPU
		{9886DA9F-9683-449A-BB1E-D589FD1A8B67}.Release|Any CPU.Build.0 = Release|Any CPU
		{DD6DCD78-0EDC-47CB-A94B-AE6D0652A594}.Debug|Any CPU.ActiveCfg = Debug|Any CPU
		{DD6DCD78-0EDC-47CB-A94B-AE6D0652A594}.Debug|Any CPU.Build.0 = Debug|Any CPU
		{DD6DCD78-0EDC-47CB-A94B-AE6D0652A594}.Release|Any CPU.ActiveCfg = Release|Any CPU
		{DD6DCD78-0EDC-47CB-A94B-AE6D0652A594}.Release|Any CPU.Build.0 = Release|Any CPU
		{93CBF348-A8AB-41F1-B608-D07A966AA454}.Debug|Any CPU.ActiveCfg = Debug|Any CPU
		{93CBF348-A8AB-41F1-B608-D07A966AA454}.Debug|Any CPU.Build.0 = Debug|Any CPU
		{93CBF348-A8AB-41F1-B608-D07A966AA454}.Release|Any CPU.ActiveCfg = Release|Any CPU
		{93CBF348-A8AB-41F1-B608-D07A966AA454}.Release|Any CPU.Build.0 = Release|Any CPU
		{E62AB6DB-B7DD-4CA9-8597-FB8F4B1B34DE}.Debug|Any CPU.ActiveCfg = Debug|Any CPU
		{E62AB6DB-B7DD-4CA9-8597-FB8F4B1B34DE}.Debug|Any CPU.Build.0 = Debug|Any CPU
		{E62AB6DB-B7DD-4CA9-8597-FB8F4B1B34DE}.Release|Any CPU.ActiveCfg = Release|Any CPU
		{E62AB6DB-B7DD-4CA9-8597-FB8F4B1B34DE}.Release|Any CPU.Build.0 = Release|Any CPU
	EndGlobalSection
	GlobalSection(SolutionProperties) = preSolution
		HideSolutionNode = FALSE
	EndGlobalSection
	GlobalSection(NestedProjects) = preSolution
		{22A8DA46-96D2-4E72-BAEA-91D6380AF1BA} = {B8E8A21C-0B9E-4C4F-A827-CB42D7B7F99D}
		{605DD2C0-507C-4168-8A70-5141CFD2C08F} = {57216132-53D9-42BF-B417-97831C088B62}
		{9886DA9F-9683-449A-BB1E-D589FD1A8B67} = {22A8DA46-96D2-4E72-BAEA-91D6380AF1BA}
		{DD6DCD78-0EDC-47CB-A94B-AE6D0652A594} = {22A8DA46-96D2-4E72-BAEA-91D6380AF1BA}
		{93CBF348-A8AB-41F1-B608-D07A966AA454} = {4877E41D-2647-4A08-ABFA-B87A97040C1D}
		{F79E0F7A-DA02-4427-B7BB-3E770B2DEF7A} = {B8E8A21C-0B9E-4C4F-A827-CB42D7B7F99D}
		{E62AB6DB-B7DD-4CA9-8597-FB8F4B1B34DE} = {F79E0F7A-DA02-4427-B7BB-3E770B2DEF7A}
		{57216132-53D9-42BF-B417-97831C088B62} = {B8E8A21C-0B9E-4C4F-A827-CB42D7B7F99D}
	EndGlobalSection
	GlobalSection(ExtensibilityGlobals) = postSolution
		SolutionGuid = {A86AFA9B-596F-4193-B679-9F10F1276085}
	EndGlobalSection
EndGlobal
